
Microsoft Visual Studio Solution File, Format Version 12.00
# Visual Studio Version 17
VisualStudioVersion = 17.5.33424.131
MinimumVisualStudioVersion = 10.0.40219.1
Project("{FAE04EC0-301F-11D3-BF4B-00C04F79EFBC}") = "Project Animal", "Project Animal\Project Animal.csproj", "{213F8C3F-9827-44E0-AE71-D82B23A1CBA5}"
EndProject
Global
	GlobalSection(SolutionConfigurationPlatforms) = preSolution
		Debug|Any CPU = Debug|Any CPU
		Release|Any CPU = Release|Any CPU
	EndGlobalSection
	GlobalSection(ProjectConfigurationPlatforms) = postSolution
		{213F8C3F-9827-44E0-AE71-D82B23A1CBA5}.Debug|Any CPU.ActiveCfg = Debug|Any CPU
		{213F8C3F-9827-44E0-AE71-D82B23A1CBA5}.Debug|Any CPU.Build.0 = Debug|Any CPU
		{213F8C3F-9827-44E0-AE71-D82B23A1CBA5}.Release|Any CPU.ActiveCfg = Release|Any CPU
		{213F8C3F-9827-44E0-AE71-D82B23A1CBA5}.Release|Any CPU.Build.0 = Release|Any CPU
	EndGlobalSection
	GlobalSection(SolutionProperties) = preSolution
		HideSolutionNode = FALSE
	EndGlobalSection
	GlobalSection(ExtensibilityGlobals) = postSolution
		SolutionGuid = {418BE891-FCA8-4FB2-8F7E-F0093494131A}
	EndGlobalSection
EndGlobal
